
Microsoft Visual Studio Solution File, Format Version 12.00
# Visual Studio Version 17
VisualStudioVersion = 17.3.32929.385
MinimumVisualStudioVersion = 10.0.40219.1
Project("{FAE04EC0-301F-11D3-BF4B-00C04F79EFBC}") = "MegaWallApi", "MegaWallApi\MegaWallApi.csproj", "{DAF820BD-490D-4734-97DF-BEDD145667DD}"
EndProject
Global
	GlobalSection(SolutionConfigurationPlatforms) = preSolution
		Debug|Any CPU = Debug|Any CPU
		Release|Any CPU = Release|Any CPU
	EndGlobalSection
	GlobalSection(ProjectConfigurationPlatforms) = postSolution
		{DAF820BD-490D-4734-97DF-BEDD145667DD}.Debug|Any CPU.ActiveCfg = Debug|Any CPU
		{DAF820BD-490D-4734-97DF-BEDD145667DD}.Debug|Any CPU.Build.0 = Debug|Any CPU
		{DAF820BD-490D-4734-97DF-BEDD145667DD}.Release|Any CPU.ActiveCfg = Release|Any CPU
		{DAF820BD-490D-4734-97DF-BEDD145667DD}.Release|Any CPU.Build.0 = Release|Any CPU
	EndGlobalSection
	GlobalSection(SolutionProperties) = preSolution
		HideSolutionNode = FALSE
	EndGlobalSection
	GlobalSection(ExtensibilityGlobals) = postSolution
		SolutionGuid = {8DB96660-3B1A-4A79-885B-8DD9F3FC6360}
	EndGlobalSection
EndGlobal
